{
  "name": "as-big",
  "version": "0.2.1",
  "lockfileVersion": 2,
  "requires": true,
  "packages": {
    "": {
      "name": "as-big",
      "version": "0.2.1",
      "license": "MIT",
      "devDependencies": {
        "assemblyscript": "^0.25.0"
      }
    },
    "node_modules/assemblyscript": {
      "version": "0.25.0",
      "resolved": "https://registry.npmjs.org/assemblyscript/-/assemblyscript-0.25.0.tgz",
      "integrity": "sha512-amIamciuS/sk8a9Ou2PLKyHExIZZIU31mVPEoEISNGJS4ptxbNx27TaQHXrngaW2/AGkpNljWkkzlXUO5K+RHg==",
      "dev": true,
      "dependencies": {
        "binaryen": "110.0.0-nightly.20221105",
        "long": "^5.2.0"
      },
      "bin": {
        "asc": "bin/asc.js",
        "asinit": "bin/asinit.js"
      },
      "engines": {
        "node": ">=16.0.0",
        "npm": ">=7.0.0"
      },
      "funding": {
        "type": "opencollective",
        "url": "https://opencollective.com/assemblyscript"
      }
    },
    "node_modules/binaryen": {
      "version": "110.0.0-nightly.20221105",
      "resolved": "https://registry.npmjs.org/binaryen/-/binaryen-110.0.0-nightly.20221105.tgz",
      "integrity": "sha512-OBESOc51q3SwgG8Uv8nMzGnSq7LJpSB/Fu8B3AjlZg6YtCEwRnlDWlnwNB6mdql+VdexfKmNcsrs4K7MYidmdQ==",
      "dev": true,
      "bin": {
        "wasm-opt": "bin/wasm-opt",
        "wasm2js": "bin/wasm2js"
      }
    },
    "node_modules/long": {
      "version": "5.2.0",
      "resolved": "https://registry.npmjs.org/long/-/long-5.2.0.tgz",
      "integrity": "sha512-9RTUNjK60eJbx3uz+TEGF7fUr29ZDxR5QzXcyDpeSfeH28S9ycINflOgOlppit5U+4kNTe83KQnMEerw7GmE8w==",
      "dev": true
    }
  },
  "dependencies": {
    "assemblyscript": {
      "version": "0.25.0",
      "resolved": "https://registry.npmjs.org/assemblyscript/-/assemblyscript-0.25.0.tgz",
      "integrity": "sha512-amIamciuS/sk8a9Ou2PLKyHExIZZIU31mVPEoEISNGJS4ptxbNx27TaQHXrngaW2/AGkpNljWkkzlXUO5K+RHg==",
      "dev": true,
      "requires": {
        "binaryen": "110.0.0-nightly.20221105",
        "long": "^5.2.0"
      }
    },
    "binaryen": {
      "version": "110.0.0-nightly.20221105",
      "resolved": "https://registry.npmjs.org/binaryen/-/binaryen-110.0.0-nightly.20221105.tgz",
      "integrity": "sha512-OBESOc51q3SwgG8Uv8nMzGnSq7LJpSB/Fu8B3AjlZg6YtCEwRnlDWlnwNB6mdql+VdexfKmNcsrs4K7MYidmdQ==",
      "dev": true
    },
    "long": {
      "version": "5.2.0",
      "resolved": "https://registry.npmjs.org/long/-/long-5.2.0.tgz",
      "integrity": "sha512-9RTUNjK60eJbx3uz+TEGF7fUr29ZDxR5QzXcyDpeSfeH28S9ycINflOgOlppit5U+4kNTe83KQnMEerw7GmE8w==",
      "dev": true
    }
  }
}
