{
  "name": "as-big",
  "version": "0.1.2",
  "lockfileVersion": 2,
  "requires": true,
  "packages": {
    "": {
      "version": "0.1.2",
      "license": "MIT",
      "devDependencies": {
        "@assemblyscript/loader": "^0.18.15",
        "assemblyscript": "^0.18.15"
      }
    },
    "node_modules/@assemblyscript/loader": {
      "version": "0.18.15",
      "resolved": "https://registry.npmjs.org/@assemblyscript/loader/-/loader-0.18.15.tgz",
      "integrity": "sha512-kUWC6tBJQiI38vFT6L9M2zlzJ3/Wgh8JZEIMekgkhXjLkDTMWcmOZX085RsOx5c9BdwrqMwaj/iMIpCbid214g==",
      "dev": true
    },
    "node_modules/assemblyscript": {
      "version": "0.18.15",
      "resolved": "https://registry.npmjs.org/assemblyscript/-/assemblyscript-0.18.15.tgz",
      "integrity": "sha512-s1N1qwdBhen2SLQApYCtRIPWm1Am3oAbW58GCEKbeN6ZbQRh7nq0pv4RDqKw6CgK7dySn/F2S1D6p0scyRbQRw==",
      "dev": true,
      "dependencies": {
        "binaryen": "100.0.0",
        "long": "^4.0.0"
      },
      "bin": {
        "asc": "bin/asc",
        "asinit": "bin/asinit"
      },
      "funding": {
        "type": "opencollective",
        "url": "https://opencollective.com/assemblyscript"
      }
    },
    "node_modules/binaryen": {
      "version": "100.0.0",
      "resolved": "https://registry.npmjs.org/binaryen/-/binaryen-100.0.0.tgz",
      "integrity": "sha512-nxOt8d8/VXAuSVEtAWUdKrqpqCy365QqD223EzzB1GzS5himiZAfM/R5lXx+M/5q8TB8cYp3tYxv5rTjNTJveQ==",
      "dev": true,
      "bin": {
        "wasm-opt": "bin/wasm-opt"
      }
    },
    "node_modules/long": {
      "version": "4.0.0",
      "resolved": "https://registry.npmjs.org/long/-/long-4.0.0.tgz",
      "integrity": "sha512-XsP+KhQif4bjX1kbuSiySJFNAehNxgLb6hPRGJ9QsUr8ajHkuXGdrHmFUTUUXhDwVX2R5bY4JNZEwbUiMhV+MA==",
      "dev": true
    }
  },
  "dependencies": {
    "@assemblyscript/loader": {
      "version": "0.18.15",
      "resolved": "https://registry.npmjs.org/@assemblyscript/loader/-/loader-0.18.15.tgz",
      "integrity": "sha512-kUWC6tBJQiI38vFT6L9M2zlzJ3/Wgh8JZEIMekgkhXjLkDTMWcmOZX085RsOx5c9BdwrqMwaj/iMIpCbid214g==",
      "dev": true
    },
    "assemblyscript": {
      "version": "0.18.15",
      "resolved": "https://registry.npmjs.org/assemblyscript/-/assemblyscript-0.18.15.tgz",
      "integrity": "sha512-s1N1qwdBhen2SLQApYCtRIPWm1Am3oAbW58GCEKbeN6ZbQRh7nq0pv4RDqKw6CgK7dySn/F2S1D6p0scyRbQRw==",
      "dev": true,
      "requires": {
        "binaryen": "100.0.0",
        "long": "^4.0.0"
      }
    },
    "binaryen": {
      "version": "100.0.0",
      "resolved": "https://registry.npmjs.org/binaryen/-/binaryen-100.0.0.tgz",
      "integrity": "sha512-nxOt8d8/VXAuSVEtAWUdKrqpqCy365QqD223EzzB1GzS5himiZAfM/R5lXx+M/5q8TB8cYp3tYxv5rTjNTJveQ==",
      "dev": true
    },
    "long": {
      "version": "4.0.0",
      "resolved": "https://registry.npmjs.org/long/-/long-4.0.0.tgz",
      "integrity": "sha512-XsP+KhQif4bjX1kbuSiySJFNAehNxgLb6hPRGJ9QsUr8ajHkuXGdrHmFUTUUXhDwVX2R5bY4JNZEwbUiMhV+MA==",
      "dev": true
    }
  }
}
