{
  "name": "as-big",
  "version": "0.1.4",
  "lockfileVersion": 2,
  "requires": true,
  "packages": {
    "": {
      "version": "0.1.4",
      "license": "MIT",
      "devDependencies": {
        "@assemblyscript/loader": "^0.19.0",
        "assemblyscript": "^0.19.0"
      }
    },
    "node_modules/@assemblyscript/loader": {
      "version": "0.19.0",
      "resolved": "https://registry.npmjs.org/@assemblyscript/loader/-/loader-0.19.0.tgz",
      "integrity": "sha512-vy1A6TdCiIsEhuW5PCDB3oM4I+OxQoy6JkcUiU31Sh0S+ZKChucoWwheqXP+4ocjYCiZfmISA9MQOJk1JSClOA==",
      "dev": true
    },
    "node_modules/assemblyscript": {
      "version": "0.19.0",
      "resolved": "https://registry.npmjs.org/assemblyscript/-/assemblyscript-0.19.0.tgz",
      "integrity": "sha512-Lr9TJPPVoJtKfN/lQApkcXtDjlT+gsbhtgjHVxANuFP7ZtAkkYRaper9w8Osk2DiwEpSUwk7wUCriXPRby+bww==",
      "dev": true,
      "dependencies": {
        "binaryen": "101.0.0-nightly.20210527",
        "long": "^4.0.0"
      },
      "bin": {
        "asc": "bin/asc",
        "asinit": "bin/asinit"
      },
      "funding": {
        "type": "opencollective",
        "url": "https://opencollective.com/assemblyscript"
      }
    },
    "node_modules/binaryen": {
      "version": "101.0.0-nightly.20210527",
      "resolved": "https://registry.npmjs.org/binaryen/-/binaryen-101.0.0-nightly.20210527.tgz",
      "integrity": "sha512-dbKentJwA6H0LfI+pRuzNNzAooJwYFNrg1L8rRw8j6rlfkU815ytNLO+uDzGNcltYehUa5ERZFJHPIdqX12n0w==",
      "dev": true,
      "bin": {
        "wasm-opt": "bin/wasm-opt"
      }
    },
    "node_modules/long": {
      "version": "4.0.0",
      "resolved": "https://registry.npmjs.org/long/-/long-4.0.0.tgz",
      "integrity": "sha512-XsP+KhQif4bjX1kbuSiySJFNAehNxgLb6hPRGJ9QsUr8ajHkuXGdrHmFUTUUXhDwVX2R5bY4JNZEwbUiMhV+MA==",
      "dev": true
    }
  },
  "dependencies": {
    "@assemblyscript/loader": {
      "version": "0.19.0",
      "resolved": "https://registry.npmjs.org/@assemblyscript/loader/-/loader-0.19.0.tgz",
      "integrity": "sha512-vy1A6TdCiIsEhuW5PCDB3oM4I+OxQoy6JkcUiU31Sh0S+ZKChucoWwheqXP+4ocjYCiZfmISA9MQOJk1JSClOA==",
      "dev": true
    },
    "assemblyscript": {
      "version": "0.19.0",
      "resolved": "https://registry.npmjs.org/assemblyscript/-/assemblyscript-0.19.0.tgz",
      "integrity": "sha512-Lr9TJPPVoJtKfN/lQApkcXtDjlT+gsbhtgjHVxANuFP7ZtAkkYRaper9w8Osk2DiwEpSUwk7wUCriXPRby+bww==",
      "dev": true,
      "requires": {
        "binaryen": "101.0.0-nightly.20210527",
        "long": "^4.0.0"
      }
    },
    "binaryen": {
      "version": "101.0.0-nightly.20210527",
      "resolved": "https://registry.npmjs.org/binaryen/-/binaryen-101.0.0-nightly.20210527.tgz",
      "integrity": "sha512-dbKentJwA6H0LfI+pRuzNNzAooJwYFNrg1L8rRw8j6rlfkU815ytNLO+uDzGNcltYehUa5ERZFJHPIdqX12n0w==",
      "dev": true
    },
    "long": {
      "version": "4.0.0",
      "resolved": "https://registry.npmjs.org/long/-/long-4.0.0.tgz",
      "integrity": "sha512-XsP+KhQif4bjX1kbuSiySJFNAehNxgLb6hPRGJ9QsUr8ajHkuXGdrHmFUTUUXhDwVX2R5bY4JNZEwbUiMhV+MA==",
      "dev": true
    }
  }
}
